
Microsoft Visual Studio Solution File, Format Version 12.00
# Visual Studio Version 17
VisualStudioVersion = 17.8.34330.188
MinimumVisualStudioVersion = 10.0.40219.1
Project("{FAE04EC0-301F-11D3-BF4B-00C04F79EFBC}") = "Portfolio", "Portfolio\Portfolio.csproj", "{6B58DC0C-CD21-49AA-8BEB-84CC00F139D3}"
EndProject
Global
	GlobalSection(SolutionConfigurationPlatforms) = preSolution
		Debug|Any CPU = Debug|Any CPU
		Release|Any CPU = Release|Any CPU
	EndGlobalSection
	GlobalSection(ProjectConfigurationPlatforms) = postSolution
		{6B58DC0C-CD21-49AA-8BEB-84CC00F139D3}.Debug|Any CPU.ActiveCfg = Debug|Any CPU
		{6B58DC0C-CD21-49AA-8BEB-84CC00F139D3}.Debug|Any CPU.Build.0 = Debug|Any CPU
		{6B58DC0C-CD21-49AA-8BEB-84CC00F139D3}.Release|Any CPU.ActiveCfg = Release|Any CPU
		{6B58DC0C-CD21-49AA-8BEB-84CC00F139D3}.Release|Any CPU.Build.0 = Release|Any CPU
	EndGlobalSection
	GlobalSection(SolutionProperties) = preSolution
		HideSolutionNode = FALSE
	EndGlobalSection
	GlobalSection(ExtensibilityGlobals) = postSolution
		SolutionGuid = {9C584663-6068-484D-9F4B-2E00C9A6513E}
	EndGlobalSection
EndGlobal
